[root]
name = "grust-proof"
version = "0.0.1-dev"
dependencies = [
 "grust 0.3.2 (registry+https://github.com/rust-lang/crates.io-index)",
 "grust-gio-2-0 0.0.1-dev",
]

[[package]]
name = "bitflags"
version = "0.3.2"
source = "registry+https://github.com/rust-lang/crates.io-index"

[[package]]
name = "gio-2-0-sys"
version = "0.46.4"
source = "registry+https://github.com/rust-lang/crates.io-index"
dependencies = [
 "glib-2-0-sys 0.46.4 (registry+https://github.com/rust-lang/crates.io-index)",
 "gobject-2-0-sys 0.46.4 (registry+https://github.com/rust-lang/crates.io-index)",
 "gtypes 0.2.0 (registry+https://github.com/rust-lang/crates.io-index)",
 "libc 0.2.1 (registry+https://github.com/rust-lang/crates.io-index)",
 "pkg-config 0.3.6 (registry+https://github.com/rust-lang/crates.io-index)",
]

[[package]]
name = "glib-2-0-sys"
version = "0.46.4"
source = "registry+https://github.com/rust-lang/crates.io-index"
dependencies = [
 "gtypes 0.2.0 (registry+https://github.com/rust-lang/crates.io-index)",
 "libc 0.2.1 (registry+https://github.com/rust-lang/crates.io-index)",
 "pkg-config 0.3.6 (registry+https://github.com/rust-lang/crates.io-index)",
]

[[package]]
name = "gobject-2-0-sys"
version = "0.46.4"
source = "registry+https://github.com/rust-lang/crates.io-index"
dependencies = [
 "glib-2-0-sys 0.46.4 (registry+https://github.com/rust-lang/crates.io-index)",
 "gtypes 0.2.0 (registry+https://github.com/rust-lang/crates.io-index)",
 "pkg-config 0.3.6 (registry+https://github.com/rust-lang/crates.io-index)",
]

[[package]]
name = "grust"
version = "0.3.2"
source = "registry+https://github.com/rust-lang/crates.io-index"
dependencies = [
 "glib-2-0-sys 0.46.4 (registry+https://github.com/rust-lang/crates.io-index)",
 "gobject-2-0-sys 0.46.4 (registry+https://github.com/rust-lang/crates.io-index)",
 "gtypes 0.2.0 (registry+https://github.com/rust-lang/crates.io-index)",
 "libc 0.2.1 (registry+https://github.com/rust-lang/crates.io-index)",
]

[[package]]
name = "grust-gio-2-0"
version = "0.0.1-dev"
dependencies = [
 "bitflags 0.3.2 (registry+https://github.com/rust-lang/crates.io-index)",
 "gio-2-0-sys 0.46.4 (registry+https://github.com/rust-lang/crates.io-index)",
 "glib-2-0-sys 0.46.4 (registry+https://github.com/rust-lang/crates.io-index)",
 "gobject-2-0-sys 0.46.4 (registry+https://github.com/rust-lang/crates.io-index)",
 "grust 0.3.2 (registry+https://github.com/rust-lang/crates.io-index)",
 "grust-glib-2-0 0.0.1-dev",
 "grust-gobject-2-0 0.0.1-dev",
]

[[package]]
name = "grust-glib-2-0"
version = "0.0.1-dev"
dependencies = [
 "glib-2-0-sys 0.46.4 (registry+https://github.com/rust-lang/crates.io-index)",
 "grust 0.3.2 (registry+https://github.com/rust-lang/crates.io-index)",
]

[[package]]
name = "grust-gobject-2-0"
version = "0.0.1-dev"
dependencies = [
 "gobject-2-0-sys 0.46.4 (registry+https://github.com/rust-lang/crates.io-index)",
 "grust 0.3.2 (registry+https://github.com/rust-lang/crates.io-index)",
 "grust-glib-2-0 0.0.1-dev",
]

[[package]]
name = "gtypes"
version = "0.2.0"
source = "registry+https://github.com/rust-lang/crates.io-index"
dependencies = [
 "libc 0.2.1 (registry+https://github.com/rust-lang/crates.io-index)",
]

[[package]]
name = "libc"
version = "0.2.1"
source = "registry+https://github.com/rust-lang/crates.io-index"

[[package]]
name = "pkg-config"
version = "0.3.6"
source = "registry+https://github.com/rust-lang/crates.io-index"

