[root]
name = "grust-proof"
version = "0.0.1-dev"
dependencies = [
 "grust 0.0.10-dev (git+https://github.com/gi-rust/grust.git)",
 "grust-Gio-2_0 0.0.1-dev",
]

[[package]]
name = "bitflags"
version = "0.1.1"
source = "registry+https://github.com/rust-lang/crates.io-index"

[[package]]
name = "gio-2_0-sys"
version = "0.0.1-dev"
dependencies = [
 "glib-2_0-sys 0.0.7 (registry+https://github.com/rust-lang/crates.io-index)",
 "gobject-2_0-sys 0.0.8 (registry+https://github.com/rust-lang/crates.io-index)",
 "pkg-config 0.3.1 (registry+https://github.com/rust-lang/crates.io-index)",
]

[[package]]
name = "glib-2_0-sys"
version = "0.0.7"
source = "registry+https://github.com/rust-lang/crates.io-index"
dependencies = [
 "pkg-config 0.3.1 (registry+https://github.com/rust-lang/crates.io-index)",
]

[[package]]
name = "gobject-2_0-sys"
version = "0.0.8"
source = "registry+https://github.com/rust-lang/crates.io-index"
dependencies = [
 "glib-2_0-sys 0.0.7 (registry+https://github.com/rust-lang/crates.io-index)",
 "pkg-config 0.3.1 (registry+https://github.com/rust-lang/crates.io-index)",
]

[[package]]
name = "grust"
version = "0.0.10-dev"
source = "git+https://github.com/gi-rust/grust.git#15473d8f4c88a26e7f2885fc018e1cabe8f830ef"
dependencies = [
 "glib-2_0-sys 0.0.7 (registry+https://github.com/rust-lang/crates.io-index)",
 "gobject-2_0-sys 0.0.8 (registry+https://github.com/rust-lang/crates.io-index)",
]

[[package]]
name = "grust-GLib-2_0"
version = "0.0.1-dev"
dependencies = [
 "glib-2_0-sys 0.0.7 (registry+https://github.com/rust-lang/crates.io-index)",
 "grust 0.0.10-dev (git+https://github.com/gi-rust/grust.git)",
]

[[package]]
name = "grust-GObject-2_0"
version = "0.0.1-dev"
dependencies = [
 "gobject-2_0-sys 0.0.8 (registry+https://github.com/rust-lang/crates.io-index)",
 "grust 0.0.10-dev (git+https://github.com/gi-rust/grust.git)",
 "grust-GLib-2_0 0.0.1-dev",
]

[[package]]
name = "grust-Gio-2_0"
version = "0.0.1-dev"
dependencies = [
 "bitflags 0.1.1 (registry+https://github.com/rust-lang/crates.io-index)",
 "gio-2_0-sys 0.0.1-dev",
 "glib-2_0-sys 0.0.7 (registry+https://github.com/rust-lang/crates.io-index)",
 "gobject-2_0-sys 0.0.8 (registry+https://github.com/rust-lang/crates.io-index)",
 "grust 0.0.10-dev (git+https://github.com/gi-rust/grust.git)",
 "grust-GLib-2_0 0.0.1-dev",
 "grust-GObject-2_0 0.0.1-dev",
]

[[package]]
name = "pkg-config"
version = "0.3.1"
source = "registry+https://github.com/rust-lang/crates.io-index"

