[root]
name = "grust-proof"
version = "0.0.1-dev"
dependencies = [
 "grust 0.0.3 (git+https://github.com/gi-rust/grust.git)",
 "grust-Gio-2_0 0.0.1-dev",
]

[[package]]
name = "gio-2_0-sys"
version = "0.0.1-dev"
dependencies = [
 "glib-2_0-sys 0.0.2 (git+https://github.com/gi-rust/glib-sys.git)",
 "gobject-2_0-sys 0.0.3 (git+https://github.com/gi-rust/gobject-sys.git)",
 "pkg-config 0.1.7 (registry+https://github.com/rust-lang/crates.io-index)",
]

[[package]]
name = "glib-2_0-sys"
version = "0.0.2"
source = "git+https://github.com/gi-rust/glib-sys.git#04a030e067f797851533dbb2e34150f0a0e514b7"
dependencies = [
 "pkg-config 0.1.7 (registry+https://github.com/rust-lang/crates.io-index)",
]

[[package]]
name = "glib-2_0-sys"
version = "0.0.2"
source = "registry+https://github.com/rust-lang/crates.io-index"
dependencies = [
 "pkg-config 0.1.7 (registry+https://github.com/rust-lang/crates.io-index)",
]

[[package]]
name = "gobject-2_0-sys"
version = "0.0.3"
source = "git+https://github.com/gi-rust/gobject-sys.git#80934ce4595b3551f0874daeea6fc412e08aa88e"
dependencies = [
 "glib-2_0-sys 0.0.2 (registry+https://github.com/rust-lang/crates.io-index)",
 "pkg-config 0.1.7 (registry+https://github.com/rust-lang/crates.io-index)",
]

[[package]]
name = "gobject-2_0-sys"
version = "0.0.3"
source = "registry+https://github.com/rust-lang/crates.io-index"
dependencies = [
 "glib-2_0-sys 0.0.2 (registry+https://github.com/rust-lang/crates.io-index)",
 "pkg-config 0.1.7 (registry+https://github.com/rust-lang/crates.io-index)",
]

[[package]]
name = "grust"
version = "0.0.3"
source = "git+https://github.com/gi-rust/grust.git#a84b6eb868fb991b0e5b8c3886baace9e6dd389b"
dependencies = [
 "glib-2_0-sys 0.0.2 (registry+https://github.com/rust-lang/crates.io-index)",
 "gobject-2_0-sys 0.0.3 (registry+https://github.com/rust-lang/crates.io-index)",
]

[[package]]
name = "grust-GLib-2_0"
version = "0.0.1-dev"
dependencies = [
 "glib-2_0-sys 0.0.2 (git+https://github.com/gi-rust/glib-sys.git)",
 "grust 0.0.3 (git+https://github.com/gi-rust/grust.git)",
]

[[package]]
name = "grust-GObject-2_0"
version = "0.0.1-dev"
dependencies = [
 "gobject-2_0-sys 0.0.3 (git+https://github.com/gi-rust/gobject-sys.git)",
 "grust 0.0.3 (git+https://github.com/gi-rust/grust.git)",
 "grust-GLib-2_0 0.0.1-dev",
]

[[package]]
name = "grust-Gio-2_0"
version = "0.0.1-dev"
dependencies = [
 "gio-2_0-sys 0.0.1-dev",
 "glib-2_0-sys 0.0.2 (git+https://github.com/gi-rust/glib-sys.git)",
 "gobject-2_0-sys 0.0.3 (git+https://github.com/gi-rust/gobject-sys.git)",
 "grust 0.0.3 (git+https://github.com/gi-rust/grust.git)",
 "grust-GLib-2_0 0.0.1-dev",
 "grust-GObject-2_0 0.0.1-dev",
]

[[package]]
name = "pkg-config"
version = "0.1.7"
source = "registry+https://github.com/rust-lang/crates.io-index"

